
Microsoft Visual Studio Solution File, Format Version 12.00
# Visual Studio Version 17
VisualStudioVersion = 17.4.33213.308
MinimumVisualStudioVersion = 10.0.40219.1
Project("{FAE04EC0-301F-11D3-BF4B-00C04F79EFBC}") = "CinemaTicketHub", "CinemaTicketHub\CinemaTicketHub.csproj", "{C3DEF981-3DF7-4EF6-94D8-C10D0241AEAC}"
EndProject
Global
	GlobalSection(SolutionConfigurationPlatforms) = preSolution
		Debug|Any CPU = Debug|Any CPU
		Release|Any CPU = Release|Any CPU
	EndGlobalSection
	GlobalSection(ProjectConfigurationPlatforms) = postSolution
		{C3DEF981-3DF7-4EF6-94D8-C10D0241AEAC}.Debug|Any CPU.ActiveCfg = Debug|Any CPU
		{C3DEF981-3DF7-4EF6-94D8-C10D0241AEAC}.Debug|Any CPU.Build.0 = Debug|Any CPU
		{C3DEF981-3DF7-4EF6-94D8-C10D0241AEAC}.Release|Any CPU.ActiveCfg = Release|Any CPU
		{C3DEF981-3DF7-4EF6-94D8-C10D0241AEAC}.Release|Any CPU.Build.0 = Release|Any CPU
	EndGlobalSection
	GlobalSection(SolutionProperties) = preSolution
		HideSolutionNode = FALSE
	EndGlobalSection
	GlobalSection(ExtensibilityGlobals) = postSolution
		SolutionGuid = {21551C04-1961-4B84-ABB3-D8ADEF857B6B}
	EndGlobalSection
EndGlobal
